// !$*UTF8*$!
{
	archiveVersion = 1;
	classes = {
	};
	objectVersion = 77;
	objects = {

/* Begin PBXBuildFile section */
		038E8579A88A34541F278BB2 /* UITestTalkAdapters.swift in Sources */ = {isa = PBXBuildFile; fileRef = B54A9FA0DAA494D672AC8BCD /* UITestTalkAdapters.swift */; };
		09512350E3754A3515E14576 /* GuideUITestComposition.swift in Sources */ = {isa = PBXBuildFile; fileRef = 106F1DB7AE3F4A1EC01F0BC0 /* GuideUITestComposition.swift */; };
		1AD332644E140F0C6EE38032 /* UITestGuideAdapters.swift in Sources */ = {isa = PBXBuildFile; fileRef = 189A7F361E4A08406A8EEE14 /* UITestGuideAdapters.swift */; };
		238107C9D9E28CBBB9D4C40B /* LaunchDiagnosticProbeScheduler.swift in Sources */ = {isa = PBXBuildFile; fileRef = DD5D51311748759C0D69CD5D /* LaunchDiagnosticProbeScheduler.swift */; };
		33555C768A91CDF2387FEC27 /* GuideUI in Frameworks */ = {isa = PBXBuildFile; productRef = 11CF664193125A6D4EDC0FAF /* GuideUI */; };
		34A605741DE02A6B17DB039F /* Assets.xcassets in Resources */ = {isa = PBXBuildFile; fileRef = 402E6AB6BF038ED9D42B35CD /* Assets.xcassets */; };
		443C3FEBF813992B2FE19BA8 /* UITestTalkAdapters.swift in Sources */ = {isa = PBXBuildFile; fileRef = B54A9FA0DAA494D672AC8BCD /* UITestTalkAdapters.swift */; };
		4D36E48903E4FFD478DBCE41 /* GuideCore in Frameworks */ = {isa = PBXBuildFile; productRef = 62FC7AE95CC4D2E0BA69E55A /* GuideCore */; };
		4EF8BA963CED051854BD45CD /* GuideCompanionApp.swift in Sources */ = {isa = PBXBuildFile; fileRef = 9026249DD6F983B60FC8BA39 /* GuideCompanionApp.swift */; };
		64111961D0F8B28EB6EDB3BD /* GuideCore in Frameworks */ = {isa = PBXBuildFile; productRef = BAC0936C6365B8922515E18F /* GuideCore */; };
		7204EBBE433834E95D41EB0F /* GuideUI in Frameworks */ = {isa = PBXBuildFile; productRef = 9537BA0D8D33187B249BEF5C /* GuideUI */; };
		74E45547E5F8A0B41F8FCCD4 /* LaunchDiagnosticProbeScheduler.swift in Sources */ = {isa = PBXBuildFile; fileRef = DD5D51311748759C0D69CD5D /* LaunchDiagnosticProbeScheduler.swift */; };
		75B0738563E442E11FC4FB09 /* GoldenUITestCase.swift in Sources */ = {isa = PBXBuildFile; fileRef = 15D32009580958F12B13B2E8 /* GoldenUITestCase.swift */; };
		7C928719518AA808ED5B3B03 /* GoldenGuideUITests.swift in Sources */ = {isa = PBXBuildFile; fileRef = CFE0EE746FCFB1B0120F94B3 /* GoldenGuideUITests.swift */; };
		7D703D9A9D67FA6D43FBD9BA /* LaunchDiagnosticProbeSchedulerTests.swift in Sources */ = {isa = PBXBuildFile; fileRef = AEFF5D0226C6815BFAB93E63 /* LaunchDiagnosticProbeSchedulerTests.swift */; };
		8207B8192F94EBD5537149B1 /* GuideAppCompositionContractTests.swift in Sources */ = {isa = PBXBuildFile; fileRef = DF3B79B032DC10A17370A76D /* GuideAppCompositionContractTests.swift */; };
		9A199FF62B52AF13590211E3 /* GuideMac in Frameworks */ = {isa = PBXBuildFile; productRef = C8B324BF2E72E10DE2B43148 /* GuideMac */; };
		9FDCD85439B52AF22561A60D /* GuideCore in Frameworks */ = {isa = PBXBuildFile; productRef = E878CF5435BA1D7276BA94B8 /* GuideCore */; };
		A43AB18100053D8501993DEC /* UITestDictationAdapters.swift in Sources */ = {isa = PBXBuildFile; fileRef = 34F1EF0CC62F43266430A846 /* UITestDictationAdapters.swift */; };
		AEFFCDA2C7C5AA88E325301C /* UITestGuideAdapters.swift in Sources */ = {isa = PBXBuildFile; fileRef = 189A7F361E4A08406A8EEE14 /* UITestGuideAdapters.swift */; };
		D3C5773A9B528E220036EB96 /* UITestDictationAdapters.swift in Sources */ = {isa = PBXBuildFile; fileRef = 34F1EF0CC62F43266430A846 /* UITestDictationAdapters.swift */; };
		D8299C12368CBD5EC775AC9F /* GuideUITestComposition.swift in Sources */ = {isa = PBXBuildFile; fileRef = 106F1DB7AE3F4A1EC01F0BC0 /* GuideUITestComposition.swift */; };
		E98C786B1C00C0EF08B0E22F /* GoldenDictationUITests.swift in Sources */ = {isa = PBXBuildFile; fileRef = 87D90639FE6C002C325CBBBA /* GoldenDictationUITests.swift */; };
		EC5B6B3502E591824DA037B6 /* GoldenPermissionsAndLifecycleUITests.swift in Sources */ = {isa = PBXBuildFile; fileRef = 7B5A59E59D09E17D90B28F0B /* GoldenPermissionsAndLifecycleUITests.swift */; };
		FF400FA0636D88205DE2D8EA /* GuideMac in Frameworks */ = {isa = PBXBuildFile; productRef = FFB5392BB48DD619D30AAD3A /* GuideMac */; };
/* End PBXBuildFile section */

/* Begin PBXContainerItemProxy section */
		B958B7FBDC825EED1C5568C2 /* PBXContainerItemProxy */ = {
			isa = PBXContainerItemProxy;
			containerPortal = 0AFA0107528D7902F0E2685F /* Project object */;
			proxyType = 1;
			remoteGlobalIDString = C72578BA9BADD56511A59773;
			remoteInfo = GuideCompanion;
		};
/* End PBXContainerItemProxy section */

/* Begin PBXFileReference section */
		106F1DB7AE3F4A1EC01F0BC0 /* GuideUITestComposition.swift */ = {isa = PBXFileReference; lastKnownFileType = sourcecode.swift; path = GuideUITestComposition.swift; sourceTree = "<group>"; };
		15D32009580958F12B13B2E8 /* GoldenUITestCase.swift */ = {isa = PBXFileReference; lastKnownFileType = sourcecode.swift; path = GoldenUITestCase.swift; sourceTree = "<group>"; };
		189A7F361E4A08406A8EEE14 /* UITestGuideAdapters.swift */ = {isa = PBXFileReference; lastKnownFileType = sourcecode.swift; path = UITestGuideAdapters.swift; sourceTree = "<group>"; };
		1A4519E3B22F16775F01BFEC /* GuideCompanionUITests.xctest */ = {isa = PBXFileReference; explicitFileType = wrapper.cfbundle; includeInIndex = 0; path = GuideCompanionUITests.xctest; sourceTree = BUILT_PRODUCTS_DIR; };
		34F1EF0CC62F43266430A846 /* UITestDictationAdapters.swift */ = {isa = PBXFileReference; lastKnownFileType = sourcecode.swift; path = UITestDictationAdapters.swift; sourceTree = "<group>"; };
		3F61D8657750A3BC5FE004B3 /* Info.plist */ = {isa = PBXFileReference; lastKnownFileType = text.plist; path = Info.plist; sourceTree = "<group>"; };
		402E6AB6BF038ED9D42B35CD /* Assets.xcassets */ = {isa = PBXFileReference; lastKnownFileType = folder.assetcatalog; path = Assets.xcassets; sourceTree = "<group>"; };
		665C8D6E0E14FBB9A760BDE5 /* GuideCompanion.entitlements */ = {isa = PBXFileReference; lastKnownFileType = text.plist.entitlements; path = GuideCompanion.entitlements; sourceTree = "<group>"; };
		7B5A59E59D09E17D90B28F0B /* GoldenPermissionsAndLifecycleUITests.swift */ = {isa = PBXFileReference; lastKnownFileType = sourcecode.swift; path = GoldenPermissionsAndLifecycleUITests.swift; sourceTree = "<group>"; };
		87D90639FE6C002C325CBBBA /* GoldenDictationUITests.swift */ = {isa = PBXFileReference; lastKnownFileType = sourcecode.swift; path = GoldenDictationUITests.swift; sourceTree = "<group>"; };
		9026249DD6F983B60FC8BA39 /* GuideCompanionApp.swift */ = {isa = PBXFileReference; lastKnownFileType = sourcecode.swift; path = GuideCompanionApp.swift; sourceTree = "<group>"; };
		92111BF32FF7B211722A39EC /* GuideCompanionCompositionTests.xctest */ = {isa = PBXFileReference; explicitFileType = wrapper.cfbundle; includeInIndex = 0; path = GuideCompanionCompositionTests.xctest; sourceTree = BUILT_PRODUCTS_DIR; };
		92ABEB16055301DBFF398885 /* SERPy.app */ = {isa = PBXFileReference; explicitFileType = wrapper.application; includeInIndex = 0; path = SERPy.app; sourceTree = BUILT_PRODUCTS_DIR; };
		AEFF5D0226C6815BFAB93E63 /* LaunchDiagnosticProbeSchedulerTests.swift */ = {isa = PBXFileReference; lastKnownFileType = sourcecode.swift; path = LaunchDiagnosticProbeSchedulerTests.swift; sourceTree = "<group>"; };
		B54A9FA0DAA494D672AC8BCD /* UITestTalkAdapters.swift */ = {isa = PBXFileReference; lastKnownFileType = sourcecode.swift; path = UITestTalkAdapters.swift; sourceTree = "<group>"; };
		CFE0EE746FCFB1B0120F94B3 /* GoldenGuideUITests.swift */ = {isa = PBXFileReference; lastKnownFileType = sourcecode.swift; path = GoldenGuideUITests.swift; sourceTree = "<group>"; };
		DA1572F19C3E0D8130EEF6A4 /* GuideModules */ = {isa = PBXFileReference; lastKnownFileType = folder; name = GuideModules; path = Packages/GuideModules; sourceTree = SOURCE_ROOT; };
		DD5D51311748759C0D69CD5D /* LaunchDiagnosticProbeScheduler.swift */ = {isa = PBXFileReference; lastKnownFileType = sourcecode.swift; path = LaunchDiagnosticProbeScheduler.swift; sourceTree = "<group>"; };
		DF3B79B032DC10A17370A76D /* GuideAppCompositionContractTests.swift */ = {isa = PBXFileReference; lastKnownFileType = sourcecode.swift; path = GuideAppCompositionContractTests.swift; sourceTree = "<group>"; };
/* End PBXFileReference section */

/* Begin PBXFrameworksBuildPhase section */
		5F872BD604A2CBD72194D431 /* Frameworks */ = {
			isa = PBXFrameworksBuildPhase;
			buildActionMask = 2147483647;
			files = (
				9FDCD85439B52AF22561A60D /* GuideCore in Frameworks */,
				FF400FA0636D88205DE2D8EA /* GuideMac in Frameworks */,
				33555C768A91CDF2387FEC27 /* GuideUI in Frameworks */,
			);
			runOnlyForDeploymentPostprocessing = 0;
		};
		8FCBA82548B90B25CE3DF598 /* Frameworks */ = {
			isa = PBXFrameworksBuildPhase;
			buildActionMask = 2147483647;
			files = (
				64111961D0F8B28EB6EDB3BD /* GuideCore in Frameworks */,
				9A199FF62B52AF13590211E3 /* GuideMac in Frameworks */,
				7204EBBE433834E95D41EB0F /* GuideUI in Frameworks */,
			);
			runOnlyForDeploymentPostprocessing = 0;
		};
		B68B16490F0090B999224CF4 /* Frameworks */ = {
			isa = PBXFrameworksBuildPhase;
			buildActionMask = 2147483647;
			files = (
				4D36E48903E4FFD478DBCE41 /* GuideCore in Frameworks */,
			);
			runOnlyForDeploymentPostprocessing = 0;
		};
/* End PBXFrameworksBuildPhase section */

/* Begin PBXGroup section */
		007A1CC91626A28E12775EF8 /* Packages */ = {
			isa = PBXGroup;
			children = (
				DA1572F19C3E0D8130EEF6A4 /* GuideModules */,
			);
			path = Packages;
			sourceTree = "<group>";
		};
		17EFB257F5758A59B940B974 /* Products */ = {
			isa = PBXGroup;
			children = (
				92111BF32FF7B211722A39EC /* GuideCompanionCompositionTests.xctest */,
				1A4519E3B22F16775F01BFEC /* GuideCompanionUITests.xctest */,
				92ABEB16055301DBFF398885 /* SERPy.app */,
			);
			name = Products;
			sourceTree = "<group>";
		};
		1EE0F271405C003E07617CFE /* UITestComposition */ = {
			isa = PBXGroup;
			children = (
				106F1DB7AE3F4A1EC01F0BC0 /* GuideUITestComposition.swift */,
				34F1EF0CC62F43266430A846 /* UITestDictationAdapters.swift */,
				189A7F361E4A08406A8EEE14 /* UITestGuideAdapters.swift */,
				B54A9FA0DAA494D672AC8BCD /* UITestTalkAdapters.swift */,
			);
			path = UITestComposition;
			sourceTree = "<group>";
		};
		295C5EC77B7D4457BE787C42 /* GuideCompanionUITests */ = {
			isa = PBXGroup;
			children = (
				87D90639FE6C002C325CBBBA /* GoldenDictationUITests.swift */,
				CFE0EE746FCFB1B0120F94B3 /* GoldenGuideUITests.swift */,
				7B5A59E59D09E17D90B28F0B /* GoldenPermissionsAndLifecycleUITests.swift */,
				15D32009580958F12B13B2E8 /* GoldenUITestCase.swift */,
			);
			path = GuideCompanionUITests;
			sourceTree = "<group>";
		};
		2991CCBEE9008831151D6F36 /* App */ = {
			isa = PBXGroup;
			children = (
				48FD6FB2B86163145DF82BC6 /* Resources */,
				1EE0F271405C003E07617CFE /* UITestComposition */,
				665C8D6E0E14FBB9A760BDE5 /* GuideCompanion.entitlements */,
				9026249DD6F983B60FC8BA39 /* GuideCompanionApp.swift */,
				3F61D8657750A3BC5FE004B3 /* Info.plist */,
			);
			path = App;
			sourceTree = "<group>";
		};
		48FD6FB2B86163145DF82BC6 /* Resources */ = {
			isa = PBXGroup;
			children = (
				402E6AB6BF038ED9D42B35CD /* Assets.xcassets */,
			);
			path = Resources;
			sourceTree = "<group>";
		};
		75A0A49EAEDDB5772A2F0C84 /* UITestSupport */ = {
			isa = PBXGroup;
			children = (
				DD5D51311748759C0D69CD5D /* LaunchDiagnosticProbeScheduler.swift */,
			);
			path = UITestSupport;
			sourceTree = "<group>";
		};
		7ABA4585E13989225A70B3BC = {
			isa = PBXGroup;
			children = (
				2991CCBEE9008831151D6F36 /* App */,
				A0B02FF274D77ECAF37661B9 /* AppCompositionTests */,
				295C5EC77B7D4457BE787C42 /* GuideCompanionUITests */,
				007A1CC91626A28E12775EF8 /* Packages */,
				75A0A49EAEDDB5772A2F0C84 /* UITestSupport */,
				17EFB257F5758A59B940B974 /* Products */,
			);
			sourceTree = "<group>";
		};
		A0B02FF274D77ECAF37661B9 /* AppCompositionTests */ = {
			isa = PBXGroup;
			children = (
				DF3B79B032DC10A17370A76D /* GuideAppCompositionContractTests.swift */,
				AEFF5D0226C6815BFAB93E63 /* LaunchDiagnosticProbeSchedulerTests.swift */,
			);
			path = AppCompositionTests;
			sourceTree = "<group>";
		};
/* End PBXGroup section */

/* Begin PBXNativeTarget section */
		3F2EBFEE41AB1427A5445C51 /* GuideCompanionCompositionTests */ = {
			isa = PBXNativeTarget;
			buildConfigurationList = 0C7DF396F4A0F067FCEF63DC /* Build configuration list for PBXNativeTarget "GuideCompanionCompositionTests" */;
			buildPhases = (
				2E65A3CD410636FD7D498D92 /* Sources */,
				8FCBA82548B90B25CE3DF598 /* Frameworks */,
			);
			buildRules = (
			);
			dependencies = (
			);
			name = GuideCompanionCompositionTests;
			packageProductDependencies = (
				BAC0936C6365B8922515E18F /* GuideCore */,
				C8B324BF2E72E10DE2B43148 /* GuideMac */,
				9537BA0D8D33187B249BEF5C /* GuideUI */,
			);
			productName = GuideCompanionCompositionTests;
			productReference = 92111BF32FF7B211722A39EC /* GuideCompanionCompositionTests.xctest */;
			productType = "com.apple.product-type.bundle.unit-test";
		};
		85C699F9ABBAC335777CC339 /* GuideCompanionUITests */ = {
			isa = PBXNativeTarget;
			buildConfigurationList = 84AC320DEC0A26FAC5E79C78 /* Build configuration list for PBXNativeTarget "GuideCompanionUITests" */;
			buildPhases = (
				3B900D48AEEFCF48CCF2EB78 /* Sources */,
				B68B16490F0090B999224CF4 /* Frameworks */,
			);
			buildRules = (
			);
			dependencies = (
				04502B577BFDCC3C868C3C61 /* PBXTargetDependency */,
			);
			name = GuideCompanionUITests;
			packageProductDependencies = (
				62FC7AE95CC4D2E0BA69E55A /* GuideCore */,
			);
			productName = GuideCompanionUITests;
			productReference = 1A4519E3B22F16775F01BFEC /* GuideCompanionUITests.xctest */;
			productType = "com.apple.product-type.bundle.ui-testing";
		};
		C72578BA9BADD56511A59773 /* GuideCompanion */ = {
			isa = PBXNativeTarget;
			buildConfigurationList = 09B75C11511A4A4E1252ECD2 /* Build configuration list for PBXNativeTarget "GuideCompanion" */;
			buildPhases = (
				ED94EDFBAC5E39026C198119 /* Sources */,
				0A9DB0E746DBFF7182A3F670 /* Resources */,
				5F872BD604A2CBD72194D431 /* Frameworks */,
			);
			buildRules = (
			);
			dependencies = (
			);
			name = GuideCompanion;
			packageProductDependencies = (
				E878CF5435BA1D7276BA94B8 /* GuideCore */,
				FFB5392BB48DD619D30AAD3A /* GuideMac */,
				11CF664193125A6D4EDC0FAF /* GuideUI */,
			);
			productName = GuideCompanion;
			productReference = 92ABEB16055301DBFF398885 /* SERPy.app */;
			productType = "com.apple.product-type.application";
		};
/* End PBXNativeTarget section */

/* Begin PBXProject section */
		0AFA0107528D7902F0E2685F /* Project object */ = {
			isa = PBXProject;
			attributes = {
				BuildIndependentTargetsInParallel = YES;
				LastUpgradeCheck = 2600;
				TargetAttributes = {
					3F2EBFEE41AB1427A5445C51 = {
						DevelopmentTeam = 847HR8U8D9;
						ProvisioningStyle = Automatic;
					};
					85C699F9ABBAC335777CC339 = {
						DevelopmentTeam = 847HR8U8D9;
						ProvisioningStyle = Automatic;
						TestTargetID = C72578BA9BADD56511A59773;
					};
					C72578BA9BADD56511A59773 = {
						DevelopmentTeam = 847HR8U8D9;
						ProvisioningStyle = Automatic;
					};
				};
			};
			buildConfigurationList = 210D67D6FFA1D8F9C2F9C6A2 /* Build configuration list for PBXProject "GuideCompanion" */;
			compatibilityVersion = "Xcode 14.0";
			developmentRegion = en;
			hasScannedForEncodings = 0;
			knownRegions = (
				Base,
				en,
			);
			mainGroup = 7ABA4585E13989225A70B3BC;
			minimizedProjectReferenceProxies = 1;
			packageReferences = (
				F3EEE62A0DE2D2AE47F483D8 /* XCLocalSwiftPackageReference "Packages/GuideModules" */,
			);
			preferredProjectObjectVersion = 77;
			projectDirPath = "";
			projectRoot = "";
			targets = (
				C72578BA9BADD56511A59773 /* GuideCompanion */,
				3F2EBFEE41AB1427A5445C51 /* GuideCompanionCompositionTests */,
				85C699F9ABBAC335777CC339 /* GuideCompanionUITests */,
			);
		};
/* End PBXProject section */

/* Begin PBXResourcesBuildPhase section */
		0A9DB0E746DBFF7182A3F670 /* Resources */ = {
			isa = PBXResourcesBuildPhase;
			buildActionMask = 2147483647;
			files = (
				34A605741DE02A6B17DB039F /* Assets.xcassets in Resources */,
			);
			runOnlyForDeploymentPostprocessing = 0;
		};
/* End PBXResourcesBuildPhase section */

/* Begin PBXSourcesBuildPhase section */
		2E65A3CD410636FD7D498D92 /* Sources */ = {
			isa = PBXSourcesBuildPhase;
			buildActionMask = 2147483647;
			files = (
				8207B8192F94EBD5537149B1 /* GuideAppCompositionContractTests.swift in Sources */,
				09512350E3754A3515E14576 /* GuideUITestComposition.swift in Sources */,
				74E45547E5F8A0B41F8FCCD4 /* LaunchDiagnosticProbeScheduler.swift in Sources */,
				7D703D9A9D67FA6D43FBD9BA /* LaunchDiagnosticProbeSchedulerTests.swift in Sources */,
				A43AB18100053D8501993DEC /* UITestDictationAdapters.swift in Sources */,
				AEFFCDA2C7C5AA88E325301C /* UITestGuideAdapters.swift in Sources */,
				038E8579A88A34541F278BB2 /* UITestTalkAdapters.swift in Sources */,
			);
			runOnlyForDeploymentPostprocessing = 0;
		};
		3B900D48AEEFCF48CCF2EB78 /* Sources */ = {
			isa = PBXSourcesBuildPhase;
			buildActionMask = 2147483647;
			files = (
				E98C786B1C00C0EF08B0E22F /* GoldenDictationUITests.swift in Sources */,
				7C928719518AA808ED5B3B03 /* GoldenGuideUITests.swift in Sources */,
				EC5B6B3502E591824DA037B6 /* GoldenPermissionsAndLifecycleUITests.swift in Sources */,
				75B0738563E442E11FC4FB09 /* GoldenUITestCase.swift in Sources */,
				238107C9D9E28CBBB9D4C40B /* LaunchDiagnosticProbeScheduler.swift in Sources */,
			);
			runOnlyForDeploymentPostprocessing = 0;
		};
		ED94EDFBAC5E39026C198119 /* Sources */ = {
			isa = PBXSourcesBuildPhase;
			buildActionMask = 2147483647;
			files = (
				4EF8BA963CED051854BD45CD /* GuideCompanionApp.swift in Sources */,
				D8299C12368CBD5EC775AC9F /* GuideUITestComposition.swift in Sources */,
				D3C5773A9B528E220036EB96 /* UITestDictationAdapters.swift in Sources */,
				1AD332644E140F0C6EE38032 /* UITestGuideAdapters.swift in Sources */,
				443C3FEBF813992B2FE19BA8 /* UITestTalkAdapters.swift in Sources */,
			);
			runOnlyForDeploymentPostprocessing = 0;
		};
/* End PBXSourcesBuildPhase section */

/* Begin PBXTargetDependency section */
		04502B577BFDCC3C868C3C61 /* PBXTargetDependency */ = {
			isa = PBXTargetDependency;
			target = C72578BA9BADD56511A59773 /* GuideCompanion */;
			targetProxy = B958B7FBDC825EED1C5568C2 /* PBXContainerItemProxy */;
		};
/* End PBXTargetDependency section */

/* Begin XCBuildConfiguration section */
		15CCA21DB2EB83470639573F /* Debug */ = {
			isa = XCBuildConfiguration;
			buildSettings = {
				BUNDLE_LOADER = "$(TEST_HOST)";
				COMBINE_HIDPI_IMAGES = YES;
				ENABLE_HARDENED_RUNTIME = NO;
				GENERATE_INFOPLIST_FILE = YES;
				LD_RUNPATH_SEARCH_PATHS = (
					"$(inherited)",
					"@executable_path/Frameworks",
					"@loader_path/Frameworks",
				);
				PRODUCT_BUNDLE_IDENTIFIER = com.serpcompany.guidecompanion.internal.uitests;
				SDKROOT = macosx;
				TEST_TARGET_NAME = GuideCompanion;
			};
			name = Debug;
		};
		1B303F9FA330AF6B808188FC /* Release */ = {
			isa = XCBuildConfiguration;
			buildSettings = {
				BUNDLE_LOADER = "$(TEST_HOST)";
				COMBINE_HIDPI_IMAGES = YES;
				ENABLE_HARDENED_RUNTIME = NO;
				GENERATE_INFOPLIST_FILE = YES;
				LD_RUNPATH_SEARCH_PATHS = (
					"$(inherited)",
					"@executable_path/Frameworks",
					"@loader_path/Frameworks",
				);
				PRODUCT_BUNDLE_IDENTIFIER = com.serpcompany.guidecompanion.internal.uitests;
				SDKROOT = macosx;
				TEST_TARGET_NAME = GuideCompanion;
			};
			name = Release;
		};
		6073D7DB4F7AB46A75BB32D3 /* Debug */ = {
			isa = XCBuildConfiguration;
			buildSettings = {
				BUNDLE_LOADER = "$(TEST_HOST)";
				COMBINE_HIDPI_IMAGES = YES;
				GENERATE_INFOPLIST_FILE = YES;
				LD_RUNPATH_SEARCH_PATHS = (
					"$(inherited)",
					"@executable_path/../Frameworks",
					"@loader_path/../Frameworks",
				);
				PRODUCT_BUNDLE_IDENTIFIER = "com.serpcompany.guidecompanion.internal.composition-tests";
				SDKROOT = macosx;
			};
			name = Debug;
		};
		C35E5E3F3839DECE5E0D0144 /* Debug */ = {
			isa = XCBuildConfiguration;
			buildSettings = {
				ASSETCATALOG_COMPILER_APPICON_NAME = AppIcon;
				CODE_SIGN_ENTITLEMENTS = App/GuideCompanion.entitlements;
				COMBINE_HIDPI_IMAGES = YES;
				CURRENT_PROJECT_VERSION = 43;
				GENERATE_INFOPLIST_FILE = NO;
				INFOPLIST_FILE = App/Info.plist;
				LD_RUNPATH_SEARCH_PATHS = (
					"$(inherited)",
					"@executable_path/../Frameworks",
				);
				MARKETING_VERSION = 0.1.0;
				PRODUCT_BUNDLE_IDENTIFIER = com.serpcompany.guidecompanion.internal;
				PRODUCT_NAME = SERPy;
				SDKROOT = macosx;
			};
			name = Debug;
		};
		D30E69495A84F0A48D531B6A /* Debug */ = {
			isa = XCBuildConfiguration;
			buildSettings = {
				ALWAYS_SEARCH_USER_PATHS = NO;
				CLANG_ANALYZER_NONNULL = YES;
				CLANG_ANALYZER_NUMBER_OBJECT_CONVERSION = YES_AGGRESSIVE;
				CLANG_CXX_LANGUAGE_STANDARD = "gnu++14";
				CLANG_CXX_LIBRARY = "libc++";
				CLANG_ENABLE_MODULES = YES;
				CLANG_ENABLE_OBJC_ARC = YES;
				CLANG_ENABLE_OBJC_WEAK = YES;
				CLANG_WARN_BLOCK_CAPTURE_AUTORELEASING = YES;
				CLANG_WARN_BOOL_CONVERSION = YES;
				CLANG_WARN_COMMA = YES;
				CLANG_WARN_CONSTANT_CONVERSION = YES;
				CLANG_WARN_DEPRECATED_OBJC_IMPLEMENTATIONS = YES;
				CLANG_WARN_DIRECT_OBJC_ISA_USAGE = YES_ERROR;
				CLANG_WARN_DOCUMENTATION_COMMENTS = YES;
				CLANG_WARN_EMPTY_BODY = YES;
				CLANG_WARN_ENUM_CONVERSION = YES;
				CLANG_WARN_INFINITE_RECURSION = YES;
				CLANG_WARN_INT_CONVERSION = YES;
				CLANG_WARN_NON_LITERAL_NULL_CONVERSION = YES;
				CLANG_WARN_OBJC_IMPLICIT_RETAIN_SELF = YES;
				CLANG_WARN_OBJC_LITERAL_CONVERSION = YES;
				CLANG_WARN_OBJC_ROOT_CLASS = YES_ERROR;
				CLANG_WARN_QUOTED_INCLUDE_IN_FRAMEWORK_HEADER = YES;
				CLANG_WARN_RANGE_LOOP_ANALYSIS = YES;
				CLANG_WARN_STRICT_PROTOTYPES = YES;
				CLANG_WARN_SUSPICIOUS_MOVE = YES;
				CLANG_WARN_UNGUARDED_AVAILABILITY = YES_AGGRESSIVE;
				CLANG_WARN_UNREACHABLE_CODE = YES;
				CLANG_WARN__DUPLICATE_METHOD_MATCH = YES;
				CODE_SIGN_STYLE = Automatic;
				COPY_PHASE_STRIP = NO;
				DEAD_CODE_STRIPPING = YES;
				DEBUG_INFORMATION_FORMAT = dwarf;
				DEVELOPMENT_TEAM = 847HR8U8D9;
				ENABLE_HARDENED_RUNTIME = YES;
				ENABLE_STRICT_OBJC_MSGSEND = YES;
				ENABLE_TESTABILITY = YES;
				GCC_C_LANGUAGE_STANDARD = gnu11;
				GCC_DYNAMIC_NO_PIC = NO;
				GCC_NO_COMMON_BLOCKS = YES;
				GCC_OPTIMIZATION_LEVEL = 0;
				GCC_PREPROCESSOR_DEFINITIONS = (
					"$(inherited)",
					"DEBUG=1",
				);
				GCC_WARN_64_TO_32_BIT_CONVERSION = YES;
				GCC_WARN_ABOUT_RETURN_TYPE = YES_ERROR;
				GCC_WARN_UNDECLARED_SELECTOR = YES;
				GCC_WARN_UNINITIALIZED_AUTOS = YES_AGGRESSIVE;
				GCC_WARN_UNUSED_FUNCTION = YES;
				GCC_WARN_UNUSED_VARIABLE = YES;
				MACOSX_DEPLOYMENT_TARGET = 14.2;
				MTL_ENABLE_DEBUG_INFO = INCLUDE_SOURCE;
				MTL_FAST_MATH = YES;
				ONLY_ACTIVE_ARCH = YES;
				PRODUCT_NAME = "$(TARGET_NAME)";
				SDKROOT = macosx;
				SENTRY_DSN = "";
				SENTRY_ENVIRONMENT = development;
				SWIFT_ACTIVE_COMPILATION_CONDITIONS = DEBUG;
				SWIFT_OPTIMIZATION_LEVEL = "-Onone";
				SWIFT_STRICT_CONCURRENCY = complete;
				SWIFT_VERSION = 6.0;
			};
			name = Debug;
		};
		DAC8BA4757EB637E1B9497F6 /* Release */ = {
			isa = XCBuildConfiguration;
			buildSettings = {
				BUNDLE_LOADER = "$(TEST_HOST)";
				COMBINE_HIDPI_IMAGES = YES;
				GENERATE_INFOPLIST_FILE = YES;
				LD_RUNPATH_SEARCH_PATHS = (
					"$(inherited)",
					"@executable_path/../Frameworks",
					"@loader_path/../Frameworks",
				);
				PRODUCT_BUNDLE_IDENTIFIER = "com.serpcompany.guidecompanion.internal.composition-tests";
				SDKROOT = macosx;
			};
			name = Release;
		};
		EB9B1B86955EB90675583CBA /* Release */ = {
			isa = XCBuildConfiguration;
			buildSettings = {
				ALWAYS_SEARCH_USER_PATHS = NO;
				CLANG_ANALYZER_NONNULL = YES;
				CLANG_ANALYZER_NUMBER_OBJECT_CONVERSION = YES_AGGRESSIVE;
				CLANG_CXX_LANGUAGE_STANDARD = "gnu++14";
				CLANG_CXX_LIBRARY = "libc++";
				CLANG_ENABLE_MODULES = YES;
				CLANG_ENABLE_OBJC_ARC = YES;
				CLANG_ENABLE_OBJC_WEAK = YES;
				CLANG_WARN_BLOCK_CAPTURE_AUTORELEASING = YES;
				CLANG_WARN_BOOL_CONVERSION = YES;
				CLANG_WARN_COMMA = YES;
				CLANG_WARN_CONSTANT_CONVERSION = YES;
				CLANG_WARN_DEPRECATED_OBJC_IMPLEMENTATIONS = YES;
				CLANG_WARN_DIRECT_OBJC_ISA_USAGE = YES_ERROR;
				CLANG_WARN_DOCUMENTATION_COMMENTS = YES;
				CLANG_WARN_EMPTY_BODY = YES;
				CLANG_WARN_ENUM_CONVERSION = YES;
				CLANG_WARN_INFINITE_RECURSION = YES;
				CLANG_WARN_INT_CONVERSION = YES;
				CLANG_WARN_NON_LITERAL_NULL_CONVERSION = YES;
				CLANG_WARN_OBJC_IMPLICIT_RETAIN_SELF = YES;
				CLANG_WARN_OBJC_LITERAL_CONVERSION = YES;
				CLANG_WARN_OBJC_ROOT_CLASS = YES_ERROR;
				CLANG_WARN_QUOTED_INCLUDE_IN_FRAMEWORK_HEADER = YES;
				CLANG_WARN_RANGE_LOOP_ANALYSIS = YES;
				CLANG_WARN_STRICT_PROTOTYPES = YES;
				CLANG_WARN_SUSPICIOUS_MOVE = YES;
				CLANG_WARN_UNGUARDED_AVAILABILITY = YES_AGGRESSIVE;
				CLANG_WARN_UNREACHABLE_CODE = YES;
				CLANG_WARN__DUPLICATE_METHOD_MATCH = YES;
				CODE_SIGN_STYLE = Automatic;
				COPY_PHASE_STRIP = NO;
				DEAD_CODE_STRIPPING = YES;
				DEBUG_INFORMATION_FORMAT = "dwarf-with-dsym";
				DEVELOPMENT_TEAM = 847HR8U8D9;
				ENABLE_HARDENED_RUNTIME = YES;
				ENABLE_NS_ASSERTIONS = NO;
				ENABLE_STRICT_OBJC_MSGSEND = YES;
				GCC_C_LANGUAGE_STANDARD = gnu11;
				GCC_NO_COMMON_BLOCKS = YES;
				GCC_WARN_64_TO_32_BIT_CONVERSION = YES;
				GCC_WARN_ABOUT_RETURN_TYPE = YES_ERROR;
				GCC_WARN_UNDECLARED_SELECTOR = YES;
				GCC_WARN_UNINITIALIZED_AUTOS = YES_AGGRESSIVE;
				GCC_WARN_UNUSED_FUNCTION = YES;
				GCC_WARN_UNUSED_VARIABLE = YES;
				MACOSX_DEPLOYMENT_TARGET = 14.2;
				MTL_ENABLE_DEBUG_INFO = NO;
				MTL_FAST_MATH = YES;
				PRODUCT_NAME = "$(TARGET_NAME)";
				SDKROOT = macosx;
				SENTRY_DSN = "";
				SENTRY_ENVIRONMENT = development;
				SWIFT_COMPILATION_MODE = wholemodule;
				SWIFT_OPTIMIZATION_LEVEL = "-O";
				SWIFT_STRICT_CONCURRENCY = complete;
				SWIFT_VERSION = 6.0;
			};
			name = Release;
		};
		EFED84D446BD185981ED2855 /* Release */ = {
			isa = XCBuildConfiguration;
			buildSettings = {
				ARCHS = arm64;
				ASSETCATALOG_COMPILER_APPICON_NAME = AppIcon;
				CODE_SIGN_ENTITLEMENTS = App/GuideCompanion.entitlements;
				CODE_SIGN_INJECT_BASE_ENTITLEMENTS = NO;
				COMBINE_HIDPI_IMAGES = YES;
				CURRENT_PROJECT_VERSION = 43;
				ENABLE_TESTABILITY = NO;
				EXCLUDED_SOURCE_FILE_NAMES = "GuideUITestComposition.swift UITestDictationAdapters.swift UITestGuideAdapters.swift UITestTalkAdapters.swift";
				GENERATE_INFOPLIST_FILE = NO;
				INFOPLIST_FILE = App/Info.plist;
				LD_RUNPATH_SEARCH_PATHS = (
					"$(inherited)",
					"@executable_path/../Frameworks",
				);
				MARKETING_VERSION = 0.1.0;
				PRODUCT_BUNDLE_IDENTIFIER = com.serpcompany.guidecompanion.internal;
				PRODUCT_NAME = SERPy;
				SDKROOT = macosx;
			};
			name = Release;
		};
/* End XCBuildConfiguration section */

/* Begin XCConfigurationList section */
		09B75C11511A4A4E1252ECD2 /* Build configuration list for PBXNativeTarget "GuideCompanion" */ = {
			isa = XCConfigurationList;
			buildConfigurations = (
				C35E5E3F3839DECE5E0D0144 /* Debug */,
				EFED84D446BD185981ED2855 /* Release */,
			);
			defaultConfigurationIsVisible = 0;
			defaultConfigurationName = Debug;
		};
		0C7DF396F4A0F067FCEF63DC /* Build configuration list for PBXNativeTarget "GuideCompanionCompositionTests" */ = {
			isa = XCConfigurationList;
			buildConfigurations = (
				6073D7DB4F7AB46A75BB32D3 /* Debug */,
				DAC8BA4757EB637E1B9497F6 /* Release */,
			);
			defaultConfigurationIsVisible = 0;
			defaultConfigurationName = Debug;
		};
		210D67D6FFA1D8F9C2F9C6A2 /* Build configuration list for PBXProject "GuideCompanion" */ = {
			isa = XCConfigurationList;
			buildConfigurations = (
				D30E69495A84F0A48D531B6A /* Debug */,
				EB9B1B86955EB90675583CBA /* Release */,
			);
			defaultConfigurationIsVisible = 0;
			defaultConfigurationName = Debug;
		};
		84AC320DEC0A26FAC5E79C78 /* Build configuration list for PBXNativeTarget "GuideCompanionUITests" */ = {
			isa = XCConfigurationList;
			buildConfigurations = (
				15CCA21DB2EB83470639573F /* Debug */,
				1B303F9FA330AF6B808188FC /* Release */,
			);
			defaultConfigurationIsVisible = 0;
			defaultConfigurationName = Debug;
		};
/* End XCConfigurationList section */

/* Begin XCLocalSwiftPackageReference section */
		F3EEE62A0DE2D2AE47F483D8 /* XCLocalSwiftPackageReference "Packages/GuideModules" */ = {
			isa = XCLocalSwiftPackageReference;
			relativePath = Packages/GuideModules;
		};
/* End XCLocalSwiftPackageReference section */

/* Begin XCSwiftPackageProductDependency section */
		11CF664193125A6D4EDC0FAF /* GuideUI */ = {
			isa = XCSwiftPackageProductDependency;
			productName = GuideUI;
		};
		62FC7AE95CC4D2E0BA69E55A /* GuideCore */ = {
			isa = XCSwiftPackageProductDependency;
			productName = GuideCore;
		};
		9537BA0D8D33187B249BEF5C /* GuideUI */ = {
			isa = XCSwiftPackageProductDependency;
			productName = GuideUI;
		};
		BAC0936C6365B8922515E18F /* GuideCore */ = {
			isa = XCSwiftPackageProductDependency;
			productName = GuideCore;
		};
		C8B324BF2E72E10DE2B43148 /* GuideMac */ = {
			isa = XCSwiftPackageProductDependency;
			productName = GuideMac;
		};
		E878CF5435BA1D7276BA94B8 /* GuideCore */ = {
			isa = XCSwiftPackageProductDependency;
			productName = GuideCore;
		};
		FFB5392BB48DD619D30AAD3A /* GuideMac */ = {
			isa = XCSwiftPackageProductDependency;
			productName = GuideMac;
		};
/* End XCSwiftPackageProductDependency section */
	};
	rootObject = 0AFA0107528D7902F0E2685F /* Project object */;
}
